
Microsoft Visual Studio Solution File, Format Version 12.00
# Visual Studio Version 16
VisualStudioVersion = 16.0.31911.196
MinimumVisualStudioVersion = 10.0.40219.1
Project("{8BC9CEB8-8B4A-11D0-8D11-00A0C91BC942}") = "Triangle.menu", "Triangle.menu\Triangle.menu.vcxproj", "{B920AD3D-88E0-4A2C-8A96-9F2E0761C3DA}"
EndProject
Global
	GlobalSection(SolutionConfigurationPlatforms) = preSolution
		Debug|x64 = Debug|x64
		Debug|x86 = Debug|x86
		Release|x64 = Release|x64
		Release|x86 = Release|x86
	EndGlobalSection
	GlobalSection(ProjectConfigurationPlatforms) = postSolution
		{B920AD3D-88E0-4A2C-8A96-9F2E0761C3DA}.Debug|x64.ActiveCfg = Debug|x64
		{B920AD3D-88E0-4A2C-8A96-9F2E0761C3DA}.Debug|x64.Build.0 = Debug|x64
		{B920AD3D-88E0-4A2C-8A96-9F2E0761C3DA}.Debug|x86.ActiveCfg = Debug|Win32
		{B920AD3D-88E0-4A2C-8A96-9F2E0761C3DA}.Debug|x86.Build.0 = Debug|Win32
		{B920AD3D-88E0-4A2C-8A96-9F2E0761C3DA}.Release|x64.ActiveCfg = Release|x64
		{B920AD3D-88E0-4A2C-8A96-9F2E0761C3DA}.Release|x64.Build.0 = Release|x64
		{B920AD3D-88E0-4A2C-8A96-9F2E0761C3DA}.Release|x86.ActiveCfg = Release|Win32
		{B920AD3D-88E0-4A2C-8A96-9F2E0761C3DA}.Release|x86.Build.0 = Release|Win32
	EndGlobalSection
	GlobalSection(SolutionProperties) = preSolution
		HideSolutionNode = FALSE
	EndGlobalSection
	GlobalSection(ExtensibilityGlobals) = postSolution
		SolutionGuid = {9601162B-8C74-4622-AD9B-02F9EF9A85E9}
	EndGlobalSection
EndGlobal
